github.com/SpauriRosso/dotenv v0.0.0-20240721170528-a191997eba12 h1:iBELak0szg9eh7+LaIU7k3obwBilQpE+4GCnzHAdDyM=
github.com/SpauriRosso/dotenv v0.0.0-20240721170528-a191997eba12/go.mod h1:ex0p6M7PxWu5P6oQnLDrFs65cVlPdc9RZBtE0vIWwJ0=
github.com/SpauriRosso/dotlog v0.0.0-20240819082745-92ce5ccf5feb h1:wTmnU32JrhlNLFlHufbmyfa6kr2XZXH4rzl+1Jocu7E=
github.com/SpauriRosso/dotlog v0.0.0-20240819082745-92ce5ccf5feb/go.mod h1:0jWfMXax4x8OrQl9H/cA3rJ7P5Me1f07ndvInlSmYvg=
